
Microsoft Visual Studio Solution File, Format Version 12.00
# Visual Studio Version 16
VisualStudioVersion = 16.0.31613.86
MinimumVisualStudioVersion = 10.0.40219.1
Project("{FAE04EC0-301F-11D3-BF4B-00C04F79EFBC}") = "KomodoGreeting.Console", "KomodoGreeting.Console\KomodoGreeting.Console.csproj", "{A5FFB025-352F-4388-9240-B08F2D009B83}"
EndProject
Project("{FAE04EC0-301F-11D3-BF4B-00C04F79EFBC}") = "KomodoGreeting.Library", "KomodoGreeting.Library\KomodoGreeting.Library.csproj", "{40E290DD-1A66-447C-B07F-19DEAF2B54DD}"
EndProject
Project("{FAE04EC0-301F-11D3-BF4B-00C04F79EFBC}") = "KomodoGreetingTests", "KomodoGreetingTests\KomodoGreetingTests.csproj", "{2361DB00-DA7D-4B76-8529-BEDC8B0BC24D}"
EndProject
Global
	GlobalSection(SolutionConfigurationPlatforms) = preSolution
		Debug|Any CPU = Debug|Any CPU
		Release|Any CPU = Release|Any CPU
	EndGlobalSection
	GlobalSection(ProjectConfigurationPlatforms) = postSolution
		{A5FFB025-352F-4388-9240-B08F2D009B83}.Debug|Any CPU.ActiveCfg = Debug|Any CPU
		{A5FFB025-352F-4388-9240-B08F2D009B83}.Debug|Any CPU.Build.0 = Debug|Any CPU
		{A5FFB025-352F-4388-9240-B08F2D009B83}.Release|Any CPU.ActiveCfg = Release|Any CPU
		{A5FFB025-352F-4388-9240-B08F2D009B83}.Release|Any CPU.Build.0 = Release|Any CPU
		{40E290DD-1A66-447C-B07F-19DEAF2B54DD}.Debug|Any CPU.ActiveCfg = Debug|Any CPU
		{40E290DD-1A66-447C-B07F-19DEAF2B54DD}.Debug|Any CPU.Build.0 = Debug|Any CPU
		{40E290DD-1A66-447C-B07F-19DEAF2B54DD}.Release|Any CPU.ActiveCfg = Release|Any CPU
		{40E290DD-1A66-447C-B07F-19DEAF2B54DD}.Release|Any CPU.Build.0 = Release|Any CPU
		{2361DB00-DA7D-4B76-8529-BEDC8B0BC24D}.Debug|Any CPU.ActiveCfg = Debug|Any CPU
		{2361DB00-DA7D-4B76-8529-BEDC8B0BC24D}.Debug|Any CPU.Build.0 = Debug|Any CPU
		{2361DB00-DA7D-4B76-8529-BEDC8B0BC24D}.Release|Any CPU.ActiveCfg = Release|Any CPU
		{2361DB00-DA7D-4B76-8529-BEDC8B0BC24D}.Release|Any CPU.Build.0 = Release|Any CPU
	EndGlobalSection
	GlobalSection(SolutionProperties) = preSolution
		HideSolutionNode = FALSE
	EndGlobalSection
	GlobalSection(ExtensibilityGlobals) = postSolution
		SolutionGuid = {61679FEE-B4AF-4200-8657-B3F3B59115E6}
	EndGlobalSection
EndGlobal
